
Microsoft Visual Studio Solution File, Format Version 12.00
# Visual Studio Version 17
VisualStudioVersion = 17.4.33122.133
MinimumVisualStudioVersion = 10.0.40219.1
Project("{FAE04EC0-301F-11D3-BF4B-00C04F79EFBC}") = "kolko_i_krzyzyk", "kolko_i_krzyzyk.csproj", "{474D5305-3BB2-45C6-87F2-FC54AEAECBBE}"
EndProject
Global
	GlobalSection(SolutionConfigurationPlatforms) = preSolution
		Debug|Any CPU = Debug|Any CPU
		Release|Any CPU = Release|Any CPU
	EndGlobalSection
	GlobalSection(ProjectConfigurationPlatforms) = postSolution
		{474D5305-3BB2-45C6-87F2-FC54AEAECBBE}.Debug|Any CPU.ActiveCfg = Debug|Any CPU
		{474D5305-3BB2-45C6-87F2-FC54AEAECBBE}.Debug|Any CPU.Build.0 = Debug|Any CPU
		{474D5305-3BB2-45C6-87F2-FC54AEAECBBE}.Release|Any CPU.ActiveCfg = Release|Any CPU
		{474D5305-3BB2-45C6-87F2-FC54AEAECBBE}.Release|Any CPU.Build.0 = Release|Any CPU
	EndGlobalSection
	GlobalSection(SolutionProperties) = preSolution
		HideSolutionNode = FALSE
	EndGlobalSection
	GlobalSection(ExtensibilityGlobals) = postSolution
		SolutionGuid = {FD07FE86-394F-4A13-8E8A-A4F4F3725F80}
	EndGlobalSection
EndGlobal
